
Microsoft Visual Studio Solution File, Format Version 12.00
# Visual Studio Version 18
VisualStudioVersion = 18.6.11806.211
MinimumVisualStudioVersion = 10.0.40219.1
Project("{FAE04EC0-301F-11D3-BF4B-00C04F79EFBC}") = "WebProject", "WebProject\WebProject.csproj", "{4DBCC0E3-1D2A-4D72-ADB1-E8B0901D52C0}"
EndProject
Project("{FAE04EC0-301F-11D3-BF4B-00C04F79EFBC}") = "CoffeeApi", "CoomentsApi\CoffeeApi.csproj", "{F5E3BC5B-BD21-42F8-975F-C67EFC864663}"
EndProject
Global
	GlobalSection(SolutionConfigurationPlatforms) = preSolution
		Debug|Any CPU = Debug|Any CPU
		Release|Any CPU = Release|Any CPU
	EndGlobalSection
	GlobalSection(ProjectConfigurationPlatforms) = postSolution
		{4DBCC0E3-1D2A-4D72-ADB1-E8B0901D52C0}.Debug|Any CPU.ActiveCfg = Debug|Any CPU
		{4DBCC0E3-1D2A-4D72-ADB1-E8B0901D52C0}.Debug|Any CPU.Build.0 = Debug|Any CPU
		{4DBCC0E3-1D2A-4D72-ADB1-E8B0901D52C0}.Release|Any CPU.ActiveCfg = Release|Any CPU
		{4DBCC0E3-1D2A-4D72-ADB1-E8B0901D52C0}.Release|Any CPU.Build.0 = Release|Any CPU
		{F5E3BC5B-BD21-42F8-975F-C67EFC864663}.Debug|Any CPU.ActiveCfg = Debug|Any CPU
		{F5E3BC5B-BD21-42F8-975F-C67EFC864663}.Debug|Any CPU.Build.0 = Debug|Any CPU
		{F5E3BC5B-BD21-42F8-975F-C67EFC864663}.Release|Any CPU.ActiveCfg = Release|Any CPU
		{F5E3BC5B-BD21-42F8-975F-C67EFC864663}.Release|Any CPU.Build.0 = Release|Any CPU
	EndGlobalSection
	GlobalSection(SolutionProperties) = preSolution
		HideSolutionNode = FALSE
	EndGlobalSection
	GlobalSection(ExtensibilityGlobals) = postSolution
		SolutionGuid = {3B806302-0036-4BE4-A3C9-A57A6DC69280}
	EndGlobalSection
EndGlobal
